
Microsoft Visual Studio Solution File, Format Version 12.00
# Visual Studio Version 17
VisualStudioVersion = 17.6.33723.286
MinimumVisualStudioVersion = 10.0.40219.1
Project("{9A19103F-16F7-4668-BE54-9A1E7A4F7556}") = "HelloWorldBlazor", "HelloWorldBlazor.csproj", "{B96780A7-AD33-4A38-A476-A0B9E87138CF}"
EndProject
Global
	GlobalSection(SolutionConfigurationPlatforms) = preSolution
		Debug|Any CPU = Debug|Any CPU
		Release|Any CPU = Release|Any CPU
	EndGlobalSection
	GlobalSection(ProjectConfigurationPlatforms) = postSolution
		{B96780A7-AD33-4A38-A476-A0B9E87138CF}.Debug|Any CPU.ActiveCfg = Debug|Any CPU
		{B96780A7-AD33-4A38-A476-A0B9E87138CF}.Debug|Any CPU.Build.0 = Debug|Any CPU
		{B96780A7-AD33-4A38-A476-A0B9E87138CF}.Release|Any CPU.ActiveCfg = Release|Any CPU
		{B96780A7-AD33-4A38-A476-A0B9E87138CF}.Release|Any CPU.Build.0 = Release|Any CPU
	EndGlobalSection
	GlobalSection(SolutionProperties) = preSolution
		HideSolutionNode = FALSE
	EndGlobalSection
	GlobalSection(ExtensibilityGlobals) = postSolution
		SolutionGuid = {E253F15B-6D75-491D-8863-3AB966035506}
	EndGlobalSection
EndGlobal
